
Microsoft Visual Studio Solution File, Format Version 12.00
# Visual Studio Version 17
VisualStudioVersion = 17.7.34221.43
MinimumVisualStudioVersion = 10.0.40219.1
Project("{FAE04EC0-301F-11D3-BF4B-00C04F79EFBC}") = "PracticeAPI", "PracticeAPI\PracticeAPI.csproj", "{9C8076B2-6177-4486-848B-B80D9AD1B675}"
EndProject
Global
	GlobalSection(SolutionConfigurationPlatforms) = preSolution
		Debug|Any CPU = Debug|Any CPU
		Release|Any CPU = Release|Any CPU
	EndGlobalSection
	GlobalSection(ProjectConfigurationPlatforms) = postSolution
		{9C8076B2-6177-4486-848B-B80D9AD1B675}.Debug|Any CPU.ActiveCfg = Debug|Any CPU
		{9C8076B2-6177-4486-848B-B80D9AD1B675}.Debug|Any CPU.Build.0 = Debug|Any CPU
		{9C8076B2-6177-4486-848B-B80D9AD1B675}.Release|Any CPU.ActiveCfg = Release|Any CPU
		{9C8076B2-6177-4486-848B-B80D9AD1B675}.Release|Any CPU.Build.0 = Release|Any CPU
	EndGlobalSection
	GlobalSection(SolutionProperties) = preSolution
		HideSolutionNode = FALSE
	EndGlobalSection
	GlobalSection(ExtensibilityGlobals) = postSolution
		SolutionGuid = {DCC6E153-9632-4313-B90F-B3CF1C69FE2E}
	EndGlobalSection
EndGlobal
